
Microsoft Visual Studio Solution File, Format Version 12.00
# Visual Studio Version 16
VisualStudioVersion = 16.0.29230.47
MinimumVisualStudioVersion = 10.0.40219.1
Project("{8BC9CEB8-8B4A-11D0-8D11-00A0C91BC942}") = "Networking", "Networking\Networking.vcxproj", "{C087EB57-A1DE-4A9C-8EA5-9BE2932FAC62}"
EndProject
Project("{8BC9CEB8-8B4A-11D0-8D11-00A0C91BC942}") = "Server", "Server\Server.vcxproj", "{6164E5F8-F4C4-4580-A11B-AC90BB165C25}"
	ProjectSection(ProjectDependencies) = postProject
		{C087EB57-A1DE-4A9C-8EA5-9BE2932FAC62} = {C087EB57-A1DE-4A9C-8EA5-9BE2932FAC62}
	EndProjectSection
EndProject
Project("{8BC9CEB8-8B4A-11D0-8D11-00A0C91BC942}") = "Client", "Client\Client.vcxproj", "{D240C88A-2B2F-48A7-92B0-9E63879E8ED5}"
	ProjectSection(ProjectDependencies) = postProject
		{C087EB57-A1DE-4A9C-8EA5-9BE2932FAC62} = {C087EB57-A1DE-4A9C-8EA5-9BE2932FAC62}
	EndProjectSection
EndProject
Global
	GlobalSection(SolutionConfigurationPlatforms) = preSolution
		Debug|x64 = Debug|x64
		Debug|x86 = Debug|x86
		Release|x64 = Release|x64
		Release|x86 = Release|x86
	EndGlobalSection
	GlobalSection(ProjectConfigurationPlatforms) = postSolution
		{C087EB57-A1DE-4A9C-8EA5-9BE2932FAC62}.Debug|x64.ActiveCfg = Debug|x64
		{C087EB57-A1DE-4A9C-8EA5-9BE2932FAC62}.Debug|x64.Build.0 = Debug|x64
		{C087EB57-A1DE-4A9C-8EA5-9BE2932FAC62}.Debug|x86.ActiveCfg = Debug|Win32
		{C087EB57-A1DE-4A9C-8EA5-9BE2932FAC62}.Debug|x86.Build.0 = Debug|Win32
		{C087EB57-A1DE-4A9C-8EA5-9BE2932FAC62}.Release|x64.ActiveCfg = Release|x64
		{C087EB57-A1DE-4A9C-8EA5-9BE2932FAC62}.Release|x64.Build.0 = Release|x64
		{C087EB57-A1DE-4A9C-8EA5-9BE2932FAC62}.Release|x86.ActiveCfg = Debug|x64
		{C087EB57-A1DE-4A9C-8EA5-9BE2932FAC62}.Release|x86.Build.0 = Debug|x64
		{6164E5F8-F4C4-4580-A11B-AC90BB165C25}.Debug|x64.ActiveCfg = Debug|x64
		{6164E5F8-F4C4-4580-A11B-AC90BB165C25}.Debug|x64.Build.0 = Debug|x64
		{6164E5F8-F4C4-4580-A11B-AC90BB165C25}.Debug|x86.ActiveCfg = Debug|Win32
		{6164E5F8-F4C4-4580-A11B-AC90BB165C25}.Debug|x86.Build.0 = Debug|Win32
		{6164E5F8-F4C4-4580-A11B-AC90BB165C25}.Release|x64.ActiveCfg = Release|x64
		{6164E5F8-F4C4-4580-A11B-AC90BB165C25}.Release|x64.Build.0 = Release|x64
		{6164E5F8-F4C4-4580-A11B-AC90BB165C25}.Release|x86.ActiveCfg = Debug|x64
		{6164E5F8-F4C4-4580-A11B-AC90BB165C25}.Release|x86.Build.0 = Debug|x64
		{D240C88A-2B2F-48A7-92B0-9E63879E8ED5}.Debug|x64.ActiveCfg = Debug|x64
		{D240C88A-2B2F-48A7-92B0-9E63879E8ED5}.Debug|x64.Build.0 = Debug|x64
		{D240C88A-2B2F-48A7-92B0-9E63879E8ED5}.Debug|x86.ActiveCfg = Debug|Win32
		{D240C88A-2B2F-48A7-92B0-9E63879E8ED5}.Debug|x86.Build.0 = Debug|Win32
		{D240C88A-2B2F-48A7-92B0-9E63879E8ED5}.Release|x64.ActiveCfg = Release|x64
		{D240C88A-2B2F-48A7-92B0-9E63879E8ED5}.Release|x64.Build.0 = Release|x64
		{D240C88A-2B2F-48A7-92B0-9E63879E8ED5}.Release|x86.ActiveCfg = Debug|x64
		{D240C88A-2B2F-48A7-92B0-9E63879E8ED5}.Release|x86.Build.0 = Debug|x64
	EndGlobalSection
	GlobalSection(SolutionProperties) = preSolution
		HideSolutionNode = FALSE
	EndGlobalSection
	GlobalSection(ExtensibilityGlobals) = postSolution
		SolutionGuid = {00B99522-351A-46B2-991C-40BBC9D5C9B6}
	EndGlobalSection
EndGlobal
